// !$*UTF8*$!
{
	archiveVersion = 1;
	classes = {
	};
	objectVersion = 46;
	objects = {

/* Begin PBXBuildFile section */
		719FB1AC1C0FD22100FF9ED0 /* UMImagePickerGroupCell.m in Sources */ = {isa = PBXBuildFile; fileRef = 719FB1AA1C0FD22100FF9ED0 /* UMImagePickerGroupCell.m */; };
		719FB1AE1C0FDD0D00FF9ED0 /* communityImage1@2x.png in Resources */ = {isa = PBXBuildFile; fileRef = 719FB1AD1C0FDD0D00FF9ED0 /* communityImage1@2x.png */; };
		719FB1B01C0FDD2300FF9ED0 /* communityImage1@3x.png in Resources */ = {isa = PBXBuildFile; fileRef = 719FB1AF1C0FDD2300FF9ED0 /* communityImage1@3x.png */; };
		719FB1B31C10282E00FF9ED0 /* DPAddView.m in Sources */ = {isa = PBXBuildFile; fileRef = 719FB1B21C10282E00FF9ED0 /* DPAddView.m */; };
		719FB1B61C1029BF00FF9ED0 /* DPCusImgView.m in Sources */ = {isa = PBXBuildFile; fileRef = 719FB1B51C1029BF00FF9ED0 /* DPCusImgView.m */; };
		719FB1B91C102BAC00FF9ED0 /* DPImageSelectVC.m in Sources */ = {isa = PBXBuildFile; fileRef = 719FB1B81C102BAC00FF9ED0 /* DPImageSelectVC.m */; };
		719FB1BC1C102CB200FF9ED0 /* DPSelectImgView.m in Sources */ = {isa = PBXBuildFile; fileRef = 719FB1BB1C102CB200FF9ED0 /* DPSelectImgView.m */; };
		719FB1BF1C102EE600FF9ED0 /* DPComAddedImgView.m in Sources */ = {isa = PBXBuildFile; fileRef = 719FB1BE1C102EE600FF9ED0 /* DPComAddedImgView.m */; };
		719FB1C41C11610800FF9ED0 /* UIImage+DPAdditions.m in Sources */ = {isa = PBXBuildFile; fileRef = 719FB1C31C11610800FF9ED0 /* UIImage+DPAdditions.m */; };
		71A107481C06DD0B0090925B /* main.m in Sources */ = {isa = PBXBuildFile; fileRef = 71A107471C06DD0B0090925B /* main.m */; };
		71A1074B1C06DD0B0090925B /* AppDelegate.m in Sources */ = {isa = PBXBuildFile; fileRef = 71A1074A1C06DD0B0090925B /* AppDelegate.m */; };
		71A1074E1C06DD0B0090925B /* ViewController.m in Sources */ = {isa = PBXBuildFile; fileRef = 71A1074D1C06DD0B0090925B /* ViewController.m */; };
		71A107511C06DD0B0090925B /* Main.storyboard in Resources */ = {isa = PBXBuildFile; fileRef = 71A1074F1C06DD0B0090925B /* Main.storyboard */; };
		71A107531C06DD0B0090925B /* Assets.xcassets in Resources */ = {isa = PBXBuildFile; fileRef = 71A107521C06DD0B0090925B /* Assets.xcassets */; };
		71A107561C06DD0B0090925B /* LaunchScreen.storyboard in Resources */ = {isa = PBXBuildFile; fileRef = 71A107541C06DD0B0090925B /* LaunchScreen.storyboard */; };
		71A107611C06DD0B0090925B /* MutilPhotosUITests.m in Sources */ = {isa = PBXBuildFile; fileRef = 71A107601C06DD0B0090925B /* MutilPhotosUITests.m */; };
		71A107811C06E7EA0090925B /* AssetsLibrary.framework in Frameworks */ = {isa = PBXBuildFile; fileRef = 71A107801C06E7EA0090925B /* AssetsLibrary.framework */; };
		71A107831C06E88B0090925B /* CoreLocation.framework in Frameworks */ = {isa = PBXBuildFile; fileRef = 71A107821C06E88B0090925B /* CoreLocation.framework */; };
		71A107861C06E8F90090925B /* UMImagePickerController.m in Sources */ = {isa = PBXBuildFile; fileRef = 71A107851C06E8F90090925B /* UMImagePickerController.m */; };
/* End PBXBuildFile section */

/* Begin PBXContainerItemProxy section */
		71A1075D1C06DD0B0090925B /* PBXContainerItemProxy */ = {
			isa = PBXContainerItemProxy;
			containerPortal = 71A1073B1C06DD0B0090925B /* Project object */;
			proxyType = 1;
			remoteGlobalIDString = 71A107421C06DD0B0090925B;
			remoteInfo = MutilPhotos;
		};
/* End PBXContainerItemProxy section */

/* Begin PBXFileReference section */
		719FB1AA1C0FD22100FF9ED0 /* UMImagePickerGroupCell.m */ = {isa = PBXFileReference; fileEncoding = 4; lastKnownFileType = sourcecode.c.objc; path = UMImagePickerGroupCell.m; sourceTree = "<group>"; };
		719FB1AB1C0FD22100FF9ED0 /* UMImagePickerGroupCell.h */ = {isa = PBXFileReference; fileEncoding = 4; lastKnownFileType = sourcecode.c.h; path = UMImagePickerGroupCell.h; sourceTree = "<group>"; };
		719FB1AD1C0FDD0D00FF9ED0 /* communityImage1@2x.png */ = {isa = PBXFileReference; lastKnownFileType = image.png; path = "communityImage1@2x.png"; sourceTree = "<group>"; };
		719FB1AF1C0FDD2300FF9ED0 /* communityImage1@3x.png */ = {isa = PBXFileReference; lastKnownFileType = image.png; path = "communityImage1@3x.png"; sourceTree = "<group>"; };
		719FB1B11C10282E00FF9ED0 /* DPAddView.h */ = {isa = PBXFileReference; fileEncoding = 4; lastKnownFileType = sourcecode.c.h; path = DPAddView.h; sourceTree = "<group>"; };
		719FB1B21C10282E00FF9ED0 /* DPAddView.m */ = {isa = PBXFileReference; fileEncoding = 4; lastKnownFileType = sourcecode.c.objc; path = DPAddView.m; sourceTree = "<group>"; };
		719FB1B41C1029BF00FF9ED0 /* DPCusImgView.h */ = {isa = PBXFileReference; fileEncoding = 4; lastKnownFileType = sourcecode.c.h; path = DPCusImgView.h; sourceTree = "<group>"; };
		719FB1B51C1029BF00FF9ED0 /* DPCusImgView.m */ = {isa = PBXFileReference; fileEncoding = 4; lastKnownFileType = sourcecode.c.objc; path = DPCusImgView.m; sourceTree = "<group>"; };
		719FB1B71C102BAC00FF9ED0 /* DPImageSelectVC.h */ = {isa = PBXFileReference; fileEncoding = 4; lastKnownFileType = sourcecode.c.h; path = DPImageSelectVC.h; sourceTree = "<group>"; };
		719FB1B81C102BAC00FF9ED0 /* DPImageSelectVC.m */ = {isa = PBXFileReference; fileEncoding = 4; lastKnownFileType = sourcecode.c.objc; path = DPImageSelectVC.m; sourceTree = "<group>"; };
		719FB1BA1C102CB200FF9ED0 /* DPSelectImgView.h */ = {isa = PBXFileReference; fileEncoding = 4; lastKnownFileType = sourcecode.c.h; path = DPSelectImgView.h; sourceTree = "<group>"; };
		719FB1BB1C102CB200FF9ED0 /* DPSelectImgView.m */ = {isa = PBXFileReference; fileEncoding = 4; lastKnownFileType = sourcecode.c.objc; path = DPSelectImgView.m; sourceTree = "<group>"; };
		719FB1BD1C102EE600FF9ED0 /* DPComAddedImgView.h */ = {isa = PBXFileReference; fileEncoding = 4; lastKnownFileType = sourcecode.c.h; path = DPComAddedImgView.h; sourceTree = "<group>"; };
		719FB1BE1C102EE600FF9ED0 /* DPComAddedImgView.m */ = {isa = PBXFileReference; fileEncoding = 4; lastKnownFileType = sourcecode.c.objc; path = DPComAddedImgView.m; sourceTree = "<group>"; };
		719FB1C21C11610800FF9ED0 /* UIImage+DPAdditions.h */ = {isa = PBXFileReference; fileEncoding = 4; lastKnownFileType = sourcecode.c.h; path = "UIImage+DPAdditions.h"; sourceTree = "<group>"; };
		719FB1C31C11610800FF9ED0 /* UIImage+DPAdditions.m */ = {isa = PBXFileReference; fileEncoding = 4; lastKnownFileType = sourcecode.c.objc; path = "UIImage+DPAdditions.m"; sourceTree = "<group>"; };
		71A107431C06DD0B0090925B /* MutilPhotos.app */ = {isa = PBXFileReference; explicitFileType = wrapper.application; includeInIndex = 0; path = MutilPhotos.app; sourceTree = BUILT_PRODUCTS_DIR; };
		71A107471C06DD0B0090925B /* main.m */ = {isa = PBXFileReference; lastKnownFileType = sourcecode.c.objc; path = main.m; sourceTree = "<group>"; };
		71A107491C06DD0B0090925B /* AppDelegate.h */ = {isa = PBXFileReference; lastKnownFileType = sourcecode.c.h; path = AppDelegate.h; sourceTree = "<group>"; };
		71A1074A1C06DD0B0090925B /* AppDelegate.m */ = {isa = PBXFileReference; lastKnownFileType = sourcecode.c.objc; path = AppDelegate.m; sourceTree = "<group>"; };
		71A1074C1C06DD0B0090925B /* ViewController.h */ = {isa = PBXFileReference; lastKnownFileType = sourcecode.c.h; path = ViewController.h; sourceTree = "<group>"; };
		71A1074D1C06DD0B0090925B /* ViewController.m */ = {isa = PBXFileReference; lastKnownFileType = sourcecode.c.objc; path = ViewController.m; sourceTree = "<group>"; };
		71A107501C06DD0B0090925B /* Base */ = {isa = PBXFileReference; lastKnownFileType = file.storyboard; name = Base; path = Base.lproj/Main.storyboard; sourceTree = "<group>"; };
		71A107521C06DD0B0090925B /* Assets.xcassets */ = {isa = PBXFileReference; lastKnownFileType = folder.assetcatalog; path = Assets.xcassets; sourceTree = "<group>"; };
		71A107551C06DD0B0090925B /* Base */ = {isa = PBXFileReference; lastKnownFileType = file.storyboard; name = Base; path = Base.lproj/LaunchScreen.storyboard; sourceTree = "<group>"; };
		71A107571C06DD0B0090925B /* Info.plist */ = {isa = PBXFileReference; lastKnownFileType = text.plist.xml; path = Info.plist; sourceTree = "<group>"; };
		71A1075C1C06DD0B0090925B /* MutilPhotosUITests.xctest */ = {isa = PBXFileReference; explicitFileType = wrapper.cfbundle; includeInIndex = 0; path = MutilPhotosUITests.xctest; sourceTree = BUILT_PRODUCTS_DIR; };
		71A107601C06DD0B0090925B /* MutilPhotosUITests.m */ = {isa = PBXFileReference; lastKnownFileType = sourcecode.c.objc; path = MutilPhotosUITests.m; sourceTree = "<group>"; };
		71A107621C06DD0B0090925B /* Info.plist */ = {isa = PBXFileReference; lastKnownFileType = text.plist.xml; path = Info.plist; sourceTree = "<group>"; };
		71A107801C06E7EA0090925B /* AssetsLibrary.framework */ = {isa = PBXFileReference; lastKnownFileType = wrapper.framework; name = AssetsLibrary.framework; path = System/Library/Frameworks/AssetsLibrary.framework; sourceTree = SDKROOT; };
		71A107821C06E88B0090925B /* CoreLocation.framework */ = {isa = PBXFileReference; lastKnownFileType = wrapper.framework; name = CoreLocation.framework; path = System/Library/Frameworks/CoreLocation.framework; sourceTree = SDKROOT; };
		71A107841C06E8F90090925B /* UMImagePickerController.h */ = {isa = PBXFileReference; fileEncoding = 4; lastKnownFileType = sourcecode.c.h; path = UMImagePickerController.h; sourceTree = "<group>"; };
		71A107851C06E8F90090925B /* UMImagePickerController.m */ = {isa = PBXFileReference; fileEncoding = 4; lastKnownFileType = sourcecode.c.objc; path = UMImagePickerController.m; sourceTree = "<group>"; };
/* End PBXFileReference section */

/* Begin PBXFrameworksBuildPhase section */
		71A107401C06DD0B0090925B /* Frameworks */ = {
			isa = PBXFrameworksBuildPhase;
			buildActionMask = 2147483647;
			files = (
				71A107831C06E88B0090925B /* CoreLocation.framework in Frameworks */,
				71A107811C06E7EA0090925B /* AssetsLibrary.framework in Frameworks */,
			);
			runOnlyForDeploymentPostprocessing = 0;
		};
		71A107591C06DD0B0090925B /* Frameworks */ = {
			isa = PBXFrameworksBuildPhase;
			buildActionMask = 2147483647;
			files = (
			);
			runOnlyForDeploymentPostprocessing = 0;
		};
/* End PBXFrameworksBuildPhase section */

/* Begin PBXGroup section */
		71A1073A1C06DD0B0090925B = {
			isa = PBXGroup;
			children = (
				719FB1C21C11610800FF9ED0 /* UIImage+DPAdditions.h */,
				719FB1C31C11610800FF9ED0 /* UIImage+DPAdditions.m */,
				719FB1AD1C0FDD0D00FF9ED0 /* communityImage1@2x.png */,
				719FB1AF1C0FDD2300FF9ED0 /* communityImage1@3x.png */,
				719FB1B71C102BAC00FF9ED0 /* DPImageSelectVC.h */,
				719FB1B81C102BAC00FF9ED0 /* DPImageSelectVC.m */,
				719FB1BA1C102CB200FF9ED0 /* DPSelectImgView.h */,
				719FB1BB1C102CB200FF9ED0 /* DPSelectImgView.m */,
				719FB1AB1C0FD22100FF9ED0 /* UMImagePickerGroupCell.h */,
				719FB1AA1C0FD22100FF9ED0 /* UMImagePickerGroupCell.m */,
				71A107841C06E8F90090925B /* UMImagePickerController.h */,
				71A107851C06E8F90090925B /* UMImagePickerController.m */,
				71A107821C06E88B0090925B /* CoreLocation.framework */,
				71A107801C06E7EA0090925B /* AssetsLibrary.framework */,
				719FB1BD1C102EE600FF9ED0 /* DPComAddedImgView.h */,
				719FB1BE1C102EE600FF9ED0 /* DPComAddedImgView.m */,
				719FB1B41C1029BF00FF9ED0 /* DPCusImgView.h */,
				719FB1B51C1029BF00FF9ED0 /* DPCusImgView.m */,
				719FB1B11C10282E00FF9ED0 /* DPAddView.h */,
				719FB1B21C10282E00FF9ED0 /* DPAddView.m */,
				71A107451C06DD0B0090925B /* MutilPhotos */,
				71A1075F1C06DD0B0090925B /* MutilPhotosUITests */,
				71A107441C06DD0B0090925B /* Products */,
			);
			sourceTree = "<group>";
		};
		71A107441C06DD0B0090925B /* Products */ = {
			isa = PBXGroup;
			children = (
				71A107431C06DD0B0090925B /* MutilPhotos.app */,
				71A1075C1C06DD0B0090925B /* MutilPhotosUITests.xctest */,
			);
			name = Products;
			sourceTree = "<group>";
		};
		71A107451C06DD0B0090925B /* MutilPhotos */ = {
			isa = PBXGroup;
			children = (
				71A107491C06DD0B0090925B /* AppDelegate.h */,
				71A1074A1C06DD0B0090925B /* AppDelegate.m */,
				71A1074C1C06DD0B0090925B /* ViewController.h */,
				71A1074D1C06DD0B0090925B /* ViewController.m */,
				71A1074F1C06DD0B0090925B /* Main.storyboard */,
				71A107521C06DD0B0090925B /* Assets.xcassets */,
				71A107541C06DD0B0090925B /* LaunchScreen.storyboard */,
				71A107571C06DD0B0090925B /* Info.plist */,
				71A107461C06DD0B0090925B /* Supporting Files */,
			);
			path = MutilPhotos;
			sourceTree = "<group>";
		};
		71A107461C06DD0B0090925B /* Supporting Files */ = {
			isa = PBXGroup;
			children = (
				71A107471C06DD0B0090925B /* main.m */,
			);
			name = "Supporting Files";
			sourceTree = "<group>";
		};
		71A1075F1C06DD0B0090925B /* MutilPhotosUITests */ = {
			isa = PBXGroup;
			children = (
				71A107601C06DD0B0090925B /* MutilPhotosUITests.m */,
				71A107621C06DD0B0090925B /* Info.plist */,
			);
			path = MutilPhotosUITests;
			sourceTree = "<group>";
		};
/* End PBXGroup section */

/* Begin PBXNativeTarget section */
		71A107421C06DD0B0090925B /* MutilPhotos */ = {
			isa = PBXNativeTarget;
			buildConfigurationList = 71A107651C06DD0B0090925B /* Build configuration list for PBXNativeTarget "MutilPhotos" */;
			buildPhases = (
				71A1073F1C06DD0B0090925B /* Sources */,
				71A107401C06DD0B0090925B /* Frameworks */,
				71A107411C06DD0B0090925B /* Resources */,
			);
			buildRules = (
			);
			dependencies = (
			);
			name = MutilPhotos;
			productName = MutilPhotos;
			productReference = 71A107431C06DD0B0090925B /* MutilPhotos.app */;
			productType = "com.apple.product-type.application";
		};
		71A1075B1C06DD0B0090925B /* MutilPhotosUITests */ = {
			isa = PBXNativeTarget;
			buildConfigurationList = 71A107681C06DD0B0090925B /* Build configuration list for PBXNativeTarget "MutilPhotosUITests" */;
			buildPhases = (
				71A107581C06DD0B0090925B /* Sources */,
				71A107591C06DD0B0090925B /* Frameworks */,
				71A1075A1C06DD0B0090925B /* Resources */,
			);
			buildRules = (
			);
			dependencies = (
				71A1075E1C06DD0B0090925B /* PBXTargetDependency */,
			);
			name = MutilPhotosUITests;
			productName = MutilPhotosUITests;
			productReference = 71A1075C1C06DD0B0090925B /* MutilPhotosUITests.xctest */;
			productType = "com.apple.product-type.bundle.ui-testing";
		};
/* End PBXNativeTarget section */

/* Begin PBXProject section */
		71A1073B1C06DD0B0090925B /* Project object */ = {
			isa = PBXProject;
			attributes = {
				LastUpgradeCheck = 0700;
				ORGANIZATIONNAME = Ray;
				TargetAttributes = {
					71A107421C06DD0B0090925B = {
						CreatedOnToolsVersion = 7.0;
						DevelopmentTeam = BLU32697WN;
					};
					71A1075B1C06DD0B0090925B = {
						CreatedOnToolsVersion = 7.0;
						TestTargetID = 71A107421C06DD0B0090925B;
					};
				};
			};
			buildConfigurationList = 71A1073E1C06DD0B0090925B /* Build configuration list for PBXProject "MutilPhotos" */;
			compatibilityVersion = "Xcode 3.2";
			developmentRegion = English;
			hasScannedForEncodings = 0;
			knownRegions = (
				en,
				Base,
			);
			mainGroup = 71A1073A1C06DD0B0090925B;
			productRefGroup = 71A107441C06DD0B0090925B /* Products */;
			projectDirPath = "";
			projectRoot = "";
			targets = (
				71A107421C06DD0B0090925B /* MutilPhotos */,
				71A1075B1C06DD0B0090925B /* MutilPhotosUITests */,
			);
		};
/* End PBXProject section */

/* Begin PBXResourcesBuildPhase section */
		71A107411C06DD0B0090925B /* Resources */ = {
			isa = PBXResourcesBuildPhase;
			buildActionMask = 2147483647;
			files = (
				719FB1AE1C0FDD0D00FF9ED0 /* communityImage1@2x.png in Resources */,
				71A107561C06DD0B0090925B /* LaunchScreen.storyboard in Resources */,
				71A107531C06DD0B0090925B /* Assets.xcassets in Resources */,
				719FB1B01C0FDD2300FF9ED0 /* communityImage1@3x.png in Resources */,
				71A107511C06DD0B0090925B /* Main.storyboard in Resources */,
			);
			runOnlyForDeploymentPostprocessing = 0;
		};
		71A1075A1C06DD0B0090925B /* Resources */ = {
			isa = PBXResourcesBuildPhase;
			buildActionMask = 2147483647;
			files = (
			);
			runOnlyForDeploymentPostprocessing = 0;
		};
/* End PBXResourcesBuildPhase section */

/* Begin PBXSourcesBuildPhase section */
		71A1073F1C06DD0B0090925B /* Sources */ = {
			isa = PBXSourcesBuildPhase;
			buildActionMask = 2147483647;
			files = (
				719FB1B31C10282E00FF9ED0 /* DPAddView.m in Sources */,
				71A1074E1C06DD0B0090925B /* ViewController.m in Sources */,
				71A1074B1C06DD0B0090925B /* AppDelegate.m in Sources */,
				719FB1C41C11610800FF9ED0 /* UIImage+DPAdditions.m in Sources */,
				719FB1B61C1029BF00FF9ED0 /* DPCusImgView.m in Sources */,
				719FB1AC1C0FD22100FF9ED0 /* UMImagePickerGroupCell.m in Sources */,
				71A107861C06E8F90090925B /* UMImagePickerController.m in Sources */,
				719FB1B91C102BAC00FF9ED0 /* DPImageSelectVC.m in Sources */,
				71A107481C06DD0B0090925B /* main.m in Sources */,
				719FB1BF1C102EE600FF9ED0 /* DPComAddedImgView.m in Sources */,
				719FB1BC1C102CB200FF9ED0 /* DPSelectImgView.m in Sources */,
			);
			runOnlyForDeploymentPostprocessing = 0;
		};
		71A107581C06DD0B0090925B /* Sources */ = {
			isa = PBXSourcesBuildPhase;
			buildActionMask = 2147483647;
			files = (
				71A107611C06DD0B0090925B /* MutilPhotosUITests.m in Sources */,
			);
			runOnlyForDeploymentPostprocessing = 0;
		};
/* End PBXSourcesBuildPhase section */

/* Begin PBXTargetDependency section */
		71A1075E1C06DD0B0090925B /* PBXTargetDependency */ = {
			isa = PBXTargetDependency;
			target = 71A107421C06DD0B0090925B /* MutilPhotos */;
			targetProxy = 71A1075D1C06DD0B0090925B /* PBXContainerItemProxy */;
		};
/* End PBXTargetDependency section */

/* Begin PBXVariantGroup section */
		71A1074F1C06DD0B0090925B /* Main.storyboard */ = {
			isa = PBXVariantGroup;
			children = (
				71A107501C06DD0B0090925B /* Base */,
			);
			name = Main.storyboard;
			sourceTree = "<group>";
		};
		71A107541C06DD0B0090925B /* LaunchScreen.storyboard */ = {
			isa = PBXVariantGroup;
			children = (
				71A107551C06DD0B0090925B /* Base */,
			);
			name = LaunchScreen.storyboard;
			sourceTree = "<group>";
		};
/* End PBXVariantGroup section */

/* Begin XCBuildConfiguration section */
		71A107631C06DD0B0090925B /* Debug */ = {
			isa = XCBuildConfiguration;
			buildSettings = {
				ALWAYS_SEARCH_USER_PATHS = NO;
				CLANG_CXX_LANGUAGE_STANDARD = "gnu++0x";
				CLANG_CXX_LIBRARY = "libc++";
				CLANG_ENABLE_MODULES = YES;
				CLANG_ENABLE_OBJC_ARC = YES;
				CLANG_WARN_BOOL_CONVERSION = YES;
				CLANG_WARN_CONSTANT_CONVERSION = YES;
				CLANG_WARN_DIRECT_OBJC_ISA_USAGE = YES_ERROR;
				CLANG_WARN_EMPTY_BODY = YES;
				CLANG_WARN_ENUM_CONVERSION = YES;
				CLANG_WARN_INT_CONVERSION = YES;
				CLANG_WARN_OBJC_ROOT_CLASS = YES_ERROR;
				CLANG_WARN_UNREACHABLE_CODE = YES;
				CLANG_WARN__DUPLICATE_METHOD_MATCH = YES;
				"CODE_SIGN_IDENTITY[sdk=iphoneos*]" = "iPhone Developer";
				COPY_PHASE_STRIP = NO;
				DEBUG_INFORMATION_FORMAT = dwarf;
				ENABLE_STRICT_OBJC_MSGSEND = YES;
				ENABLE_TESTABILITY = YES;
				GCC_C_LANGUAGE_STANDARD = gnu99;
				GCC_DYNAMIC_NO_PIC = NO;
				GCC_NO_COMMON_BLOCKS = YES;
				GCC_OPTIMIZATION_LEVEL = 0;
				GCC_PREPROCESSOR_DEFINITIONS = (
					"DEBUG=1",
					"$(inherited)",
				);
				GCC_WARN_64_TO_32_BIT_CONVERSION = YES;
				GCC_WARN_ABOUT_RETURN_TYPE = YES_ERROR;
				GCC_WARN_UNDECLARED_SELECTOR = YES;
				GCC_WARN_UNINITIALIZED_AUTOS = YES_AGGRESSIVE;
				GCC_WARN_UNUSED_FUNCTION = YES;
				GCC_WARN_UNUSED_VARIABLE = YES;
				IPHONEOS_DEPLOYMENT_TARGET = 7.1;
				MTL_ENABLE_DEBUG_INFO = YES;
				ONLY_ACTIVE_ARCH = YES;
				SDKROOT = iphoneos;
			};
			name = Debug;
		};
		71A107641C06DD0B0090925B /* Release */ = {
			isa = XCBuildConfiguration;
			buildSettings = {
				ALWAYS_SEARCH_USER_PATHS = NO;
				CLANG_CXX_LANGUAGE_STANDARD = "gnu++0x";
				CLANG_CXX_LIBRARY = "libc++";
				CLANG_ENABLE_MODULES = YES;
				CLANG_ENABLE_OBJC_ARC = YES;
				CLANG_WARN_BOOL_CONVERSION = YES;
				CLANG_WARN_CONSTANT_CONVERSION = YES;
				CLANG_WARN_DIRECT_OBJC_ISA_USAGE = YES_ERROR;
				CLANG_WARN_EMPTY_BODY = YES;
				CLANG_WARN_ENUM_CONVERSION = YES;
				CLANG_WARN_INT_CONVERSION = YES;
				CLANG_WARN_OBJC_ROOT_CLASS = YES_ERROR;
				CLANG_WARN_UNREACHABLE_CODE = YES;
				CLANG_WARN__DUPLICATE_METHOD_MATCH = YES;
				"CODE_SIGN_IDENTITY[sdk=iphoneos*]" = "iPhone Developer";
				COPY_PHASE_STRIP = NO;
				DEBUG_INFORMATION_FORMAT = "dwarf-with-dsym";
				ENABLE_NS_ASSERTIONS = NO;
				ENABLE_STRICT_OBJC_MSGSEND = YES;
				GCC_C_LANGUAGE_STANDARD = gnu99;
				GCC_NO_COMMON_BLOCKS = YES;
				GCC_WARN_64_TO_32_BIT_CONVERSION = YES;
				GCC_WARN_ABOUT_RETURN_TYPE = YES_ERROR;
				GCC_WARN_UNDECLARED_SELECTOR = YES;
				GCC_WARN_UNINITIALIZED_AUTOS = YES_AGGRESSIVE;
				GCC_WARN_UNUSED_FUNCTION = YES;
				GCC_WARN_UNUSED_VARIABLE = YES;
				IPHONEOS_DEPLOYMENT_TARGET = 7.1;
				MTL_ENABLE_DEBUG_INFO = NO;
				SDKROOT = iphoneos;
				VALIDATE_PRODUCT = YES;
			};
			name = Release;
		};
		71A107661C06DD0B0090925B /* Debug */ = {
			isa = XCBuildConfiguration;
			buildSettings = {
				ASSETCATALOG_COMPILER_APPICON_NAME = AppIcon;
				CODE_SIGN_IDENTITY = "iPhone Developer";
				INFOPLIST_FILE = MutilPhotos/Info.plist;
				IPHONEOS_DEPLOYMENT_TARGET = 7.1;
				LD_RUNPATH_SEARCH_PATHS = "$(inherited) @executable_path/Frameworks";
				PRODUCT_BUNDLE_IDENTIFIER = com.dacai.iphone.main;
				PRODUCT_NAME = "$(TARGET_NAME)";
			};
			name = Debug;
		};
		71A107671C06DD0B0090925B /* Release */ = {
			isa = XCBuildConfiguration;
			buildSettings = {
				ASSETCATALOG_COMPILER_APPICON_NAME = AppIcon;
				CODE_SIGN_IDENTITY = "iPhone Developer";
				INFOPLIST_FILE = MutilPhotos/Info.plist;
				IPHONEOS_DEPLOYMENT_TARGET = 7.1;
				LD_RUNPATH_SEARCH_PATHS = "$(inherited) @executable_path/Frameworks";
				PRODUCT_BUNDLE_IDENTIFIER = com.dacai.iphone.main;
				PRODUCT_NAME = "$(TARGET_NAME)";
			};
			name = Release;
		};
		71A107691C06DD0B0090925B /* Debug */ = {
			isa = XCBuildConfiguration;
			buildSettings = {
				INFOPLIST_FILE = MutilPhotosUITests/Info.plist;
				LD_RUNPATH_SEARCH_PATHS = "$(inherited) @executable_path/Frameworks @loader_path/Frameworks";
				PRODUCT_BUNDLE_IDENTIFIER = "com-qq.MutilPhotosUITests";
				PRODUCT_NAME = "$(TARGET_NAME)";
				TEST_TARGET_NAME = MutilPhotos;
				USES_XCTRUNNER = YES;
			};
			name = Debug;
		};
		71A1076A1C06DD0B0090925B /* Release */ = {
			isa = XCBuildConfiguration;
			buildSettings = {
				INFOPLIST_FILE = MutilPhotosUITests/Info.plist;
				LD_RUNPATH_SEARCH_PATHS = "$(inherited) @executable_path/Frameworks @loader_path/Frameworks";
				PRODUCT_BUNDLE_IDENTIFIER = "com-qq.MutilPhotosUITests";
				PRODUCT_NAME = "$(TARGET_NAME)";
				TEST_TARGET_NAME = MutilPhotos;
				USES_XCTRUNNER = YES;
			};
			name = Release;
		};
/* End XCBuildConfiguration section */

/* Begin XCConfigurationList section */
		71A1073E1C06DD0B0090925B /* Build configuration list for PBXProject "MutilPhotos" */ = {
			isa = XCConfigurationList;
			buildConfigurations = (
				71A107631C06DD0B0090925B /* Debug */,
				71A107641C06DD0B0090925B /* Release */,
			);
			defaultConfigurationIsVisible = 0;
			defaultConfigurationName = Release;
		};
		71A107651C06DD0B0090925B /* Build configuration list for PBXNativeTarget "MutilPhotos" */ = {
			isa = XCConfigurationList;
			buildConfigurations = (
				71A107661C06DD0B0090925B /* Debug */,
				71A107671C06DD0B0090925B /* Release */,
			);
			defaultConfigurationIsVisible = 0;
			defaultConfigurationName = Release;
		};
		71A107681C06DD0B0090925B /* Build configuration list for PBXNativeTarget "MutilPhotosUITests" */ = {
			isa = XCConfigurationList;
			buildConfigurations = (
				71A107691C06DD0B0090925B /* Debug */,
				71A1076A1C06DD0B0090925B /* Release */,
			);
			defaultConfigurationIsVisible = 0;
			defaultConfigurationName = Release;
		};
/* End XCConfigurationList section */
	};
	rootObject = 71A1073B1C06DD0B0090925B /* Project object */;
}
