// !$*UTF8*$!
{
	archiveVersion = 1;
	classes = {
	};
	objectVersion = 46;
	objects = {

/* Begin PBXBuildFile section */
		710159D61B8C163D0039225E /* main.m in Sources */ = {isa = PBXBuildFile; fileRef = 710159D51B8C163D0039225E /* main.m */; };
		710159D91B8C163D0039225E /* AppDelegate.m in Sources */ = {isa = PBXBuildFile; fileRef = 710159D81B8C163D0039225E /* AppDelegate.m */; };
		710159DC1B8C163D0039225E /* ViewController.m in Sources */ = {isa = PBXBuildFile; fileRef = 710159DB1B8C163D0039225E /* ViewController.m */; };
		710159DF1B8C163D0039225E /* Main.storyboard in Resources */ = {isa = PBXBuildFile; fileRef = 710159DD1B8C163D0039225E /* Main.storyboard */; };
		710159E11B8C163D0039225E /* Images.xcassets in Resources */ = {isa = PBXBuildFile; fileRef = 710159E01B8C163D0039225E /* Images.xcassets */; };
		710159E41B8C163D0039225E /* LaunchScreen.xib in Resources */ = {isa = PBXBuildFile; fileRef = 710159E21B8C163D0039225E /* LaunchScreen.xib */; };
		710159F01B8C163D0039225E /* ___Tests.m in Sources */ = {isa = PBXBuildFile; fileRef = 710159EF1B8C163D0039225E /* ___Tests.m */; };
/* End PBXBuildFile section */

/* Begin PBXContainerItemProxy section */
		710159EA1B8C163D0039225E /* PBXContainerItemProxy */ = {
			isa = PBXContainerItemProxy;
			containerPortal = 710159C81B8C163D0039225E /* Project object */;
			proxyType = 1;
			remoteGlobalIDString = 710159CF1B8C163D0039225E;
			remoteInfo = "制表图";
		};
/* End PBXContainerItemProxy section */

/* Begin PBXFileReference section */
		710159D01B8C163D0039225E /* 制表图.app */ = {isa = PBXFileReference; explicitFileType = wrapper.application; includeInIndex = 0; path = "制表图.app"; sourceTree = BUILT_PRODUCTS_DIR; };
		710159D41B8C163D0039225E /* Info.plist */ = {isa = PBXFileReference; lastKnownFileType = text.plist.xml; path = Info.plist; sourceTree = "<group>"; };
		710159D51B8C163D0039225E /* main.m */ = {isa = PBXFileReference; lastKnownFileType = sourcecode.c.objc; path = main.m; sourceTree = "<group>"; };
		710159D71B8C163D0039225E /* AppDelegate.h */ = {isa = PBXFileReference; lastKnownFileType = sourcecode.c.h; path = AppDelegate.h; sourceTree = "<group>"; };
		710159D81B8C163D0039225E /* AppDelegate.m */ = {isa = PBXFileReference; lastKnownFileType = sourcecode.c.objc; path = AppDelegate.m; sourceTree = "<group>"; };
		710159DA1B8C163D0039225E /* ViewController.h */ = {isa = PBXFileReference; lastKnownFileType = sourcecode.c.h; path = ViewController.h; sourceTree = "<group>"; };
		710159DB1B8C163D0039225E /* ViewController.m */ = {isa = PBXFileReference; lastKnownFileType = sourcecode.c.objc; path = ViewController.m; sourceTree = "<group>"; };
		710159DE1B8C163D0039225E /* Base */ = {isa = PBXFileReference; lastKnownFileType = file.storyboard; name = Base; path = Base.lproj/Main.storyboard; sourceTree = "<group>"; };
		710159E01B8C163D0039225E /* Images.xcassets */ = {isa = PBXFileReference; lastKnownFileType = folder.assetcatalog; path = Images.xcassets; sourceTree = "<group>"; };
		710159E31B8C163D0039225E /* Base */ = {isa = PBXFileReference; lastKnownFileType = file.xib; name = Base; path = Base.lproj/LaunchScreen.xib; sourceTree = "<group>"; };
		710159E91B8C163D0039225E /* 制表图Tests.xctest */ = {isa = PBXFileReference; explicitFileType = wrapper.cfbundle; includeInIndex = 0; path = "制表图Tests.xctest"; sourceTree = BUILT_PRODUCTS_DIR; };
		710159EE1B8C163D0039225E /* Info.plist */ = {isa = PBXFileReference; lastKnownFileType = text.plist.xml; path = Info.plist; sourceTree = "<group>"; };
		710159EF1B8C163D0039225E /* ___Tests.m */ = {isa = PBXFileReference; lastKnownFileType = sourcecode.c.objc; path = "___Tests.m"; sourceTree = "<group>"; };
/* End PBXFileReference section */

/* Begin PBXFrameworksBuildPhase section */
		710159CD1B8C163D0039225E /* Frameworks */ = {
			isa = PBXFrameworksBuildPhase;
			buildActionMask = 2147483647;
			files = (
			);
			runOnlyForDeploymentPostprocessing = 0;
		};
		710159E61B8C163D0039225E /* Frameworks */ = {
			isa = PBXFrameworksBuildPhase;
			buildActionMask = 2147483647;
			files = (
			);
			runOnlyForDeploymentPostprocessing = 0;
		};
/* End PBXFrameworksBuildPhase section */

/* Begin PBXGroup section */
		710159C71B8C163D0039225E = {
			isa = PBXGroup;
			children = (
				710159D21B8C163D0039225E /* 制表图 */,
				710159EC1B8C163D0039225E /* 制表图Tests */,
				710159D11B8C163D0039225E /* Products */,
			);
			sourceTree = "<group>";
		};
		710159D11B8C163D0039225E /* Products */ = {
			isa = PBXGroup;
			children = (
				710159D01B8C163D0039225E /* 制表图.app */,
				710159E91B8C163D0039225E /* 制表图Tests.xctest */,
			);
			name = Products;
			sourceTree = "<group>";
		};
		710159D21B8C163D0039225E /* 制表图 */ = {
			isa = PBXGroup;
			children = (
				710159D71B8C163D0039225E /* AppDelegate.h */,
				710159D81B8C163D0039225E /* AppDelegate.m */,
				710159DA1B8C163D0039225E /* ViewController.h */,
				710159DB1B8C163D0039225E /* ViewController.m */,
				710159DD1B8C163D0039225E /* Main.storyboard */,
				710159E01B8C163D0039225E /* Images.xcassets */,
				710159E21B8C163D0039225E /* LaunchScreen.xib */,
				710159D31B8C163D0039225E /* Supporting Files */,
			);
			path = "制表图";
			sourceTree = "<group>";
		};
		710159D31B8C163D0039225E /* Supporting Files */ = {
			isa = PBXGroup;
			children = (
				710159D41B8C163D0039225E /* Info.plist */,
				710159D51B8C163D0039225E /* main.m */,
			);
			name = "Supporting Files";
			sourceTree = "<group>";
		};
		710159EC1B8C163D0039225E /* 制表图Tests */ = {
			isa = PBXGroup;
			children = (
				710159EF1B8C163D0039225E /* ___Tests.m */,
				710159ED1B8C163D0039225E /* Supporting Files */,
			);
			path = "制表图Tests";
			sourceTree = "<group>";
		};
		710159ED1B8C163D0039225E /* Supporting Files */ = {
			isa = PBXGroup;
			children = (
				710159EE1B8C163D0039225E /* Info.plist */,
			);
			name = "Supporting Files";
			sourceTree = "<group>";
		};
/* End PBXGroup section */

/* Begin PBXNativeTarget section */
		710159CF1B8C163D0039225E /* 制表图 */ = {
			isa = PBXNativeTarget;
			buildConfigurationList = 710159F31B8C163D0039225E /* Build configuration list for PBXNativeTarget "制表图" */;
			buildPhases = (
				710159CC1B8C163D0039225E /* Sources */,
				710159CD1B8C163D0039225E /* Frameworks */,
				710159CE1B8C163D0039225E /* Resources */,
			);
			buildRules = (
			);
			dependencies = (
			);
			name = "制表图";
			productName = "制表图";
			productReference = 710159D01B8C163D0039225E /* 制表图.app */;
			productType = "com.apple.product-type.application";
		};
		710159E81B8C163D0039225E /* 制表图Tests */ = {
			isa = PBXNativeTarget;
			buildConfigurationList = 710159F61B8C163D0039225E /* Build configuration list for PBXNativeTarget "制表图Tests" */;
			buildPhases = (
				710159E51B8C163D0039225E /* Sources */,
				710159E61B8C163D0039225E /* Frameworks */,
				710159E71B8C163D0039225E /* Resources */,
			);
			buildRules = (
			);
			dependencies = (
				710159EB1B8C163D0039225E /* PBXTargetDependency */,
			);
			name = "制表图Tests";
			productName = "制表图Tests";
			productReference = 710159E91B8C163D0039225E /* 制表图Tests.xctest */;
			productType = "com.apple.product-type.bundle.unit-test";
		};
/* End PBXNativeTarget section */

/* Begin PBXProject section */
		710159C81B8C163D0039225E /* Project object */ = {
			isa = PBXProject;
			attributes = {
				LastUpgradeCheck = 0630;
				ORGANIZATIONNAME = Ray;
				TargetAttributes = {
					710159CF1B8C163D0039225E = {
						CreatedOnToolsVersion = 6.3.1;
					};
					710159E81B8C163D0039225E = {
						CreatedOnToolsVersion = 6.3.1;
						TestTargetID = 710159CF1B8C163D0039225E;
					};
				};
			};
			buildConfigurationList = 710159CB1B8C163D0039225E /* Build configuration list for PBXProject "制表图" */;
			compatibilityVersion = "Xcode 3.2";
			developmentRegion = English;
			hasScannedForEncodings = 0;
			knownRegions = (
				en,
				Base,
			);
			mainGroup = 710159C71B8C163D0039225E;
			productRefGroup = 710159D11B8C163D0039225E /* Products */;
			projectDirPath = "";
			projectRoot = "";
			targets = (
				710159CF1B8C163D0039225E /* 制表图 */,
				710159E81B8C163D0039225E /* 制表图Tests */,
			);
		};
/* End PBXProject section */

/* Begin PBXResourcesBuildPhase section */
		710159CE1B8C163D0039225E /* Resources */ = {
			isa = PBXResourcesBuildPhase;
			buildActionMask = 2147483647;
			files = (
				710159DF1B8C163D0039225E /* Main.storyboard in Resources */,
				710159E41B8C163D0039225E /* LaunchScreen.xib in Resources */,
				710159E11B8C163D0039225E /* Images.xcassets in Resources */,
			);
			runOnlyForDeploymentPostprocessing = 0;
		};
		710159E71B8C163D0039225E /* Resources */ = {
			isa = PBXResourcesBuildPhase;
			buildActionMask = 2147483647;
			files = (
			);
			runOnlyForDeploymentPostprocessing = 0;
		};
/* End PBXResourcesBuildPhase section */

/* Begin PBXSourcesBuildPhase section */
		710159CC1B8C163D0039225E /* Sources */ = {
			isa = PBXSourcesBuildPhase;
			buildActionMask = 2147483647;
			files = (
				710159DC1B8C163D0039225E /* ViewController.m in Sources */,
				710159D91B8C163D0039225E /* AppDelegate.m in Sources */,
				710159D61B8C163D0039225E /* main.m in Sources */,
			);
			runOnlyForDeploymentPostprocessing = 0;
		};
		710159E51B8C163D0039225E /* Sources */ = {
			isa = PBXSourcesBuildPhase;
			buildActionMask = 2147483647;
			files = (
				710159F01B8C163D0039225E /* ___Tests.m in Sources */,
			);
			runOnlyForDeploymentPostprocessing = 0;
		};
/* End PBXSourcesBuildPhase section */

/* Begin PBXTargetDependency section */
		710159EB1B8C163D0039225E /* PBXTargetDependency */ = {
			isa = PBXTargetDependency;
			target = 710159CF1B8C163D0039225E /* 制表图 */;
			targetProxy = 710159EA1B8C163D0039225E /* PBXContainerItemProxy */;
		};
/* End PBXTargetDependency section */

/* Begin PBXVariantGroup section */
		710159DD1B8C163D0039225E /* Main.storyboard */ = {
			isa = PBXVariantGroup;
			children = (
				710159DE1B8C163D0039225E /* Base */,
			);
			name = Main.storyboard;
			sourceTree = "<group>";
		};
		710159E21B8C163D0039225E /* LaunchScreen.xib */ = {
			isa = PBXVariantGroup;
			children = (
				710159E31B8C163D0039225E /* Base */,
			);
			name = LaunchScreen.xib;
			sourceTree = "<group>";
		};
/* End PBXVariantGroup section */

/* Begin XCBuildConfiguration section */
		710159F11B8C163D0039225E /* Debug */ = {
			isa = XCBuildConfiguration;
			buildSettings = {
				ALWAYS_SEARCH_USER_PATHS = NO;
				CLANG_CXX_LANGUAGE_STANDARD = "gnu++0x";
				CLANG_CXX_LIBRARY = "libc++";
				CLANG_ENABLE_MODULES = YES;
				CLANG_ENABLE_OBJC_ARC = YES;
				CLANG_WARN_BOOL_CONVERSION = YES;
				CLANG_WARN_CONSTANT_CONVERSION = YES;
				CLANG_WARN_DIRECT_OBJC_ISA_USAGE = YES_ERROR;
				CLANG_WARN_EMPTY_BODY = YES;
				CLANG_WARN_ENUM_CONVERSION = YES;
				CLANG_WARN_INT_CONVERSION = YES;
				CLANG_WARN_OBJC_ROOT_CLASS = YES_ERROR;
				CLANG_WARN_UNREACHABLE_CODE = YES;
				CLANG_WARN__DUPLICATE_METHOD_MATCH = YES;
				"CODE_SIGN_IDENTITY[sdk=iphoneos*]" = "iPhone Developer";
				COPY_PHASE_STRIP = NO;
				DEBUG_INFORMATION_FORMAT = "dwarf-with-dsym";
				ENABLE_STRICT_OBJC_MSGSEND = YES;
				GCC_C_LANGUAGE_STANDARD = gnu99;
				GCC_DYNAMIC_NO_PIC = NO;
				GCC_NO_COMMON_BLOCKS = YES;
				GCC_OPTIMIZATION_LEVEL = 0;
				GCC_PREPROCESSOR_DEFINITIONS = (
					"DEBUG=1",
					"$(inherited)",
				);
				GCC_SYMBOLS_PRIVATE_EXTERN = NO;
				GCC_WARN_64_TO_32_BIT_CONVERSION = YES;
				GCC_WARN_ABOUT_RETURN_TYPE = YES_ERROR;
				GCC_WARN_UNDECLARED_SELECTOR = YES;
				GCC_WARN_UNINITIALIZED_AUTOS = YES_AGGRESSIVE;
				GCC_WARN_UNUSED_FUNCTION = YES;
				GCC_WARN_UNUSED_VARIABLE = YES;
				IPHONEOS_DEPLOYMENT_TARGET = 8.3;
				MTL_ENABLE_DEBUG_INFO = YES;
				ONLY_ACTIVE_ARCH = YES;
				SDKROOT = iphoneos;
			};
			name = Debug;
		};
		710159F21B8C163D0039225E /* Release */ = {
			isa = XCBuildConfiguration;
			buildSettings = {
				ALWAYS_SEARCH_USER_PATHS = NO;
				CLANG_CXX_LANGUAGE_STANDARD = "gnu++0x";
				CLANG_CXX_LIBRARY = "libc++";
				CLANG_ENABLE_MODULES = YES;
				CLANG_ENABLE_OBJC_ARC = YES;
				CLANG_WARN_BOOL_CONVERSION = YES;
				CLANG_WARN_CONSTANT_CONVERSION = YES;
				CLANG_WARN_DIRECT_OBJC_ISA_USAGE = YES_ERROR;
				CLANG_WARN_EMPTY_BODY = YES;
				CLANG_WARN_ENUM_CONVERSION = YES;
				CLANG_WARN_INT_CONVERSION = YES;
				CLANG_WARN_OBJC_ROOT_CLASS = YES_ERROR;
				CLANG_WARN_UNREACHABLE_CODE = YES;
				CLANG_WARN__DUPLICATE_METHOD_MATCH = YES;
				"CODE_SIGN_IDENTITY[sdk=iphoneos*]" = "iPhone Developer";
				COPY_PHASE_STRIP = NO;
				DEBUG_INFORMATION_FORMAT = "dwarf-with-dsym";
				ENABLE_NS_ASSERTIONS = NO;
				ENABLE_STRICT_OBJC_MSGSEND = YES;
				GCC_C_LANGUAGE_STANDARD = gnu99;
				GCC_NO_COMMON_BLOCKS = YES;
				GCC_WARN_64_TO_32_BIT_CONVERSION = YES;
				GCC_WARN_ABOUT_RETURN_TYPE = YES_ERROR;
				GCC_WARN_UNDECLARED_SELECTOR = YES;
				GCC_WARN_UNINITIALIZED_AUTOS = YES_AGGRESSIVE;
				GCC_WARN_UNUSED_FUNCTION = YES;
				GCC_WARN_UNUSED_VARIABLE = YES;
				IPHONEOS_DEPLOYMENT_TARGET = 8.3;
				MTL_ENABLE_DEBUG_INFO = NO;
				SDKROOT = iphoneos;
				VALIDATE_PRODUCT = YES;
			};
			name = Release;
		};
		710159F41B8C163D0039225E /* Debug */ = {
			isa = XCBuildConfiguration;
			buildSettings = {
				ASSETCATALOG_COMPILER_APPICON_NAME = AppIcon;
				INFOPLIST_FILE = "制表图/Info.plist";
				IPHONEOS_DEPLOYMENT_TARGET = 7.0;
				LD_RUNPATH_SEARCH_PATHS = "$(inherited) @executable_path/Frameworks";
				PRODUCT_NAME = "$(TARGET_NAME)";
			};
			name = Debug;
		};
		710159F51B8C163D0039225E /* Release */ = {
			isa = XCBuildConfiguration;
			buildSettings = {
				ASSETCATALOG_COMPILER_APPICON_NAME = AppIcon;
				INFOPLIST_FILE = "制表图/Info.plist";
				IPHONEOS_DEPLOYMENT_TARGET = 7.0;
				LD_RUNPATH_SEARCH_PATHS = "$(inherited) @executable_path/Frameworks";
				PRODUCT_NAME = "$(TARGET_NAME)";
			};
			name = Release;
		};
		710159F71B8C163D0039225E /* Debug */ = {
			isa = XCBuildConfiguration;
			buildSettings = {
				BUNDLE_LOADER = "$(TEST_HOST)";
				FRAMEWORK_SEARCH_PATHS = (
					"$(SDKROOT)/Developer/Library/Frameworks",
					"$(inherited)",
				);
				GCC_PREPROCESSOR_DEFINITIONS = (
					"DEBUG=1",
					"$(inherited)",
				);
				INFOPLIST_FILE = "制表图Tests/Info.plist";
				LD_RUNPATH_SEARCH_PATHS = "$(inherited) @executable_path/Frameworks @loader_path/Frameworks";
				PRODUCT_NAME = "$(TARGET_NAME)";
				TEST_HOST = "$(BUILT_PRODUCTS_DIR)/制表图.app/制表图";
			};
			name = Debug;
		};
		710159F81B8C163D0039225E /* Release */ = {
			isa = XCBuildConfiguration;
			buildSettings = {
				BUNDLE_LOADER = "$(TEST_HOST)";
				FRAMEWORK_SEARCH_PATHS = (
					"$(SDKROOT)/Developer/Library/Frameworks",
					"$(inherited)",
				);
				INFOPLIST_FILE = "制表图Tests/Info.plist";
				LD_RUNPATH_SEARCH_PATHS = "$(inherited) @executable_path/Frameworks @loader_path/Frameworks";
				PRODUCT_NAME = "$(TARGET_NAME)";
				TEST_HOST = "$(BUILT_PRODUCTS_DIR)/制表图.app/制表图";
			};
			name = Release;
		};
/* End XCBuildConfiguration section */

/* Begin XCConfigurationList section */
		710159CB1B8C163D0039225E /* Build configuration list for PBXProject "制表图" */ = {
			isa = XCConfigurationList;
			buildConfigurations = (
				710159F11B8C163D0039225E /* Debug */,
				710159F21B8C163D0039225E /* Release */,
			);
			defaultConfigurationIsVisible = 0;
			defaultConfigurationName = Release;
		};
		710159F31B8C163D0039225E /* Build configuration list for PBXNativeTarget "制表图" */ = {
			isa = XCConfigurationList;
			buildConfigurations = (
				710159F41B8C163D0039225E /* Debug */,
				710159F51B8C163D0039225E /* Release */,
			);
			defaultConfigurationIsVisible = 0;
		};
		710159F61B8C163D0039225E /* Build configuration list for PBXNativeTarget "制表图Tests" */ = {
			isa = XCConfigurationList;
			buildConfigurations = (
				710159F71B8C163D0039225E /* Debug */,
				710159F81B8C163D0039225E /* Release */,
			);
			defaultConfigurationIsVisible = 0;
		};
/* End XCConfigurationList section */
	};
	rootObject = 710159C81B8C163D0039225E /* Project object */;
}
