// !$*UTF8*$!
{
	archiveVersion = 1;
	classes = {
	};
	objectVersion = 46;
	objects = {

/* Begin PBXBuildFile section */
		71DBB3271ACBCBBF00F6A6EE /* main.m in Sources */ = {isa = PBXBuildFile; fileRef = 71DBB3261ACBCBBF00F6A6EE /* main.m */; };
		71DBB32A1ACBCBBF00F6A6EE /* AppDelegate.m in Sources */ = {isa = PBXBuildFile; fileRef = 71DBB3291ACBCBBF00F6A6EE /* AppDelegate.m */; };
		71DBB32D1ACBCBBF00F6A6EE /* ViewController.m in Sources */ = {isa = PBXBuildFile; fileRef = 71DBB32C1ACBCBBF00F6A6EE /* ViewController.m */; };
		71DBB3301ACBCBBF00F6A6EE /* Main.storyboard in Resources */ = {isa = PBXBuildFile; fileRef = 71DBB32E1ACBCBBF00F6A6EE /* Main.storyboard */; };
		71DBB3321ACBCBBF00F6A6EE /* Images.xcassets in Resources */ = {isa = PBXBuildFile; fileRef = 71DBB3311ACBCBBF00F6A6EE /* Images.xcassets */; };
		71DBB3351ACBCBBF00F6A6EE /* LaunchScreen.xib in Resources */ = {isa = PBXBuildFile; fileRef = 71DBB3331ACBCBBF00F6A6EE /* LaunchScreen.xib */; };
		71DBB3411ACBCBBF00F6A6EE /* OpenGLDemoTests.m in Sources */ = {isa = PBXBuildFile; fileRef = 71DBB3401ACBCBBF00F6A6EE /* OpenGLDemoTests.m */; };
		71DBB34C1ACBCC7E00F6A6EE /* CustomerOpen.m in Sources */ = {isa = PBXBuildFile; fileRef = 71DBB34B1ACBCC7E00F6A6EE /* CustomerOpen.m */; };
/* End PBXBuildFile section */

/* Begin PBXContainerItemProxy section */
		71DBB33B1ACBCBBF00F6A6EE /* PBXContainerItemProxy */ = {
			isa = PBXContainerItemProxy;
			containerPortal = 71DBB3191ACBCBBF00F6A6EE /* Project object */;
			proxyType = 1;
			remoteGlobalIDString = 71DBB3201ACBCBBF00F6A6EE;
			remoteInfo = OpenGLDemo;
		};
/* End PBXContainerItemProxy section */

/* Begin PBXFileReference section */
		71DBB3211ACBCBBF00F6A6EE /* OpenGLDemo.app */ = {isa = PBXFileReference; explicitFileType = wrapper.application; includeInIndex = 0; path = OpenGLDemo.app; sourceTree = BUILT_PRODUCTS_DIR; };
		71DBB3251ACBCBBF00F6A6EE /* Info.plist */ = {isa = PBXFileReference; lastKnownFileType = text.plist.xml; path = Info.plist; sourceTree = "<group>"; };
		71DBB3261ACBCBBF00F6A6EE /* main.m */ = {isa = PBXFileReference; lastKnownFileType = sourcecode.c.objc; path = main.m; sourceTree = "<group>"; };
		71DBB3281ACBCBBF00F6A6EE /* AppDelegate.h */ = {isa = PBXFileReference; lastKnownFileType = sourcecode.c.h; path = AppDelegate.h; sourceTree = "<group>"; };
		71DBB3291ACBCBBF00F6A6EE /* AppDelegate.m */ = {isa = PBXFileReference; lastKnownFileType = sourcecode.c.objc; path = AppDelegate.m; sourceTree = "<group>"; };
		71DBB32B1ACBCBBF00F6A6EE /* ViewController.h */ = {isa = PBXFileReference; lastKnownFileType = sourcecode.c.h; path = ViewController.h; sourceTree = "<group>"; };
		71DBB32C1ACBCBBF00F6A6EE /* ViewController.m */ = {isa = PBXFileReference; lastKnownFileType = sourcecode.c.objc; path = ViewController.m; sourceTree = "<group>"; };
		71DBB32F1ACBCBBF00F6A6EE /* Base */ = {isa = PBXFileReference; lastKnownFileType = file.storyboard; name = Base; path = Base.lproj/Main.storyboard; sourceTree = "<group>"; };
		71DBB3311ACBCBBF00F6A6EE /* Images.xcassets */ = {isa = PBXFileReference; lastKnownFileType = folder.assetcatalog; path = Images.xcassets; sourceTree = "<group>"; };
		71DBB3341ACBCBBF00F6A6EE /* Base */ = {isa = PBXFileReference; lastKnownFileType = file.xib; name = Base; path = Base.lproj/LaunchScreen.xib; sourceTree = "<group>"; };
		71DBB33A1ACBCBBF00F6A6EE /* OpenGLDemoTests.xctest */ = {isa = PBXFileReference; explicitFileType = wrapper.cfbundle; includeInIndex = 0; path = OpenGLDemoTests.xctest; sourceTree = BUILT_PRODUCTS_DIR; };
		71DBB33F1ACBCBBF00F6A6EE /* Info.plist */ = {isa = PBXFileReference; lastKnownFileType = text.plist.xml; path = Info.plist; sourceTree = "<group>"; };
		71DBB3401ACBCBBF00F6A6EE /* OpenGLDemoTests.m */ = {isa = PBXFileReference; lastKnownFileType = sourcecode.c.objc; path = OpenGLDemoTests.m; sourceTree = "<group>"; };
		71DBB34A1ACBCC7E00F6A6EE /* CustomerOpen.h */ = {isa = PBXFileReference; fileEncoding = 4; lastKnownFileType = sourcecode.c.h; name = CustomerOpen.h; path = OpenGLDemo/CustomerOpen.h; sourceTree = "<group>"; };
		71DBB34B1ACBCC7E00F6A6EE /* CustomerOpen.m */ = {isa = PBXFileReference; fileEncoding = 4; lastKnownFileType = sourcecode.c.objc; name = CustomerOpen.m; path = OpenGLDemo/CustomerOpen.m; sourceTree = "<group>"; };
/* End PBXFileReference section */

/* Begin PBXFrameworksBuildPhase section */
		71DBB31E1ACBCBBF00F6A6EE /* Frameworks */ = {
			isa = PBXFrameworksBuildPhase;
			buildActionMask = 2147483647;
			files = (
			);
			runOnlyForDeploymentPostprocessing = 0;
		};
		71DBB3371ACBCBBF00F6A6EE /* Frameworks */ = {
			isa = PBXFrameworksBuildPhase;
			buildActionMask = 2147483647;
			files = (
			);
			runOnlyForDeploymentPostprocessing = 0;
		};
/* End PBXFrameworksBuildPhase section */

/* Begin PBXGroup section */
		71DBB3181ACBCBBF00F6A6EE = {
			isa = PBXGroup;
			children = (
				71DBB34A1ACBCC7E00F6A6EE /* CustomerOpen.h */,
				71DBB34B1ACBCC7E00F6A6EE /* CustomerOpen.m */,
				71DBB3231ACBCBBF00F6A6EE /* OpenGLDemo */,
				71DBB33D1ACBCBBF00F6A6EE /* OpenGLDemoTests */,
				71DBB3221ACBCBBF00F6A6EE /* Products */,
			);
			sourceTree = "<group>";
		};
		71DBB3221ACBCBBF00F6A6EE /* Products */ = {
			isa = PBXGroup;
			children = (
				71DBB3211ACBCBBF00F6A6EE /* OpenGLDemo.app */,
				71DBB33A1ACBCBBF00F6A6EE /* OpenGLDemoTests.xctest */,
			);
			name = Products;
			sourceTree = "<group>";
		};
		71DBB3231ACBCBBF00F6A6EE /* OpenGLDemo */ = {
			isa = PBXGroup;
			children = (
				71DBB3281ACBCBBF00F6A6EE /* AppDelegate.h */,
				71DBB3291ACBCBBF00F6A6EE /* AppDelegate.m */,
				71DBB32B1ACBCBBF00F6A6EE /* ViewController.h */,
				71DBB32C1ACBCBBF00F6A6EE /* ViewController.m */,
				71DBB32E1ACBCBBF00F6A6EE /* Main.storyboard */,
				71DBB3311ACBCBBF00F6A6EE /* Images.xcassets */,
				71DBB3331ACBCBBF00F6A6EE /* LaunchScreen.xib */,
				71DBB3241ACBCBBF00F6A6EE /* Supporting Files */,
			);
			path = OpenGLDemo;
			sourceTree = "<group>";
		};
		71DBB3241ACBCBBF00F6A6EE /* Supporting Files */ = {
			isa = PBXGroup;
			children = (
				71DBB3251ACBCBBF00F6A6EE /* Info.plist */,
				71DBB3261ACBCBBF00F6A6EE /* main.m */,
			);
			name = "Supporting Files";
			sourceTree = "<group>";
		};
		71DBB33D1ACBCBBF00F6A6EE /* OpenGLDemoTests */ = {
			isa = PBXGroup;
			children = (
				71DBB3401ACBCBBF00F6A6EE /* OpenGLDemoTests.m */,
				71DBB33E1ACBCBBF00F6A6EE /* Supporting Files */,
			);
			path = OpenGLDemoTests;
			sourceTree = "<group>";
		};
		71DBB33E1ACBCBBF00F6A6EE /* Supporting Files */ = {
			isa = PBXGroup;
			children = (
				71DBB33F1ACBCBBF00F6A6EE /* Info.plist */,
			);
			name = "Supporting Files";
			sourceTree = "<group>";
		};
/* End PBXGroup section */

/* Begin PBXNativeTarget section */
		71DBB3201ACBCBBF00F6A6EE /* OpenGLDemo */ = {
			isa = PBXNativeTarget;
			buildConfigurationList = 71DBB3441ACBCBBF00F6A6EE /* Build configuration list for PBXNativeTarget "OpenGLDemo" */;
			buildPhases = (
				71DBB31D1ACBCBBF00F6A6EE /* Sources */,
				71DBB31E1ACBCBBF00F6A6EE /* Frameworks */,
				71DBB31F1ACBCBBF00F6A6EE /* Resources */,
			);
			buildRules = (
			);
			dependencies = (
			);
			name = OpenGLDemo;
			productName = OpenGLDemo;
			productReference = 71DBB3211ACBCBBF00F6A6EE /* OpenGLDemo.app */;
			productType = "com.apple.product-type.application";
		};
		71DBB3391ACBCBBF00F6A6EE /* OpenGLDemoTests */ = {
			isa = PBXNativeTarget;
			buildConfigurationList = 71DBB3471ACBCBBF00F6A6EE /* Build configuration list for PBXNativeTarget "OpenGLDemoTests" */;
			buildPhases = (
				71DBB3361ACBCBBF00F6A6EE /* Sources */,
				71DBB3371ACBCBBF00F6A6EE /* Frameworks */,
				71DBB3381ACBCBBF00F6A6EE /* Resources */,
			);
			buildRules = (
			);
			dependencies = (
				71DBB33C1ACBCBBF00F6A6EE /* PBXTargetDependency */,
			);
			name = OpenGLDemoTests;
			productName = OpenGLDemoTests;
			productReference = 71DBB33A1ACBCBBF00F6A6EE /* OpenGLDemoTests.xctest */;
			productType = "com.apple.product-type.bundle.unit-test";
		};
/* End PBXNativeTarget section */

/* Begin PBXProject section */
		71DBB3191ACBCBBF00F6A6EE /* Project object */ = {
			isa = PBXProject;
			attributes = {
				LastUpgradeCheck = 0610;
				ORGANIZATIONNAME = Ray;
				TargetAttributes = {
					71DBB3201ACBCBBF00F6A6EE = {
						CreatedOnToolsVersion = 6.1;
					};
					71DBB3391ACBCBBF00F6A6EE = {
						CreatedOnToolsVersion = 6.1;
						TestTargetID = 71DBB3201ACBCBBF00F6A6EE;
					};
				};
			};
			buildConfigurationList = 71DBB31C1ACBCBBF00F6A6EE /* Build configuration list for PBXProject "OpenGLDemo" */;
			compatibilityVersion = "Xcode 3.2";
			developmentRegion = English;
			hasScannedForEncodings = 0;
			knownRegions = (
				en,
				Base,
			);
			mainGroup = 71DBB3181ACBCBBF00F6A6EE;
			productRefGroup = 71DBB3221ACBCBBF00F6A6EE /* Products */;
			projectDirPath = "";
			projectRoot = "";
			targets = (
				71DBB3201ACBCBBF00F6A6EE /* OpenGLDemo */,
				71DBB3391ACBCBBF00F6A6EE /* OpenGLDemoTests */,
			);
		};
/* End PBXProject section */

/* Begin PBXResourcesBuildPhase section */
		71DBB31F1ACBCBBF00F6A6EE /* Resources */ = {
			isa = PBXResourcesBuildPhase;
			buildActionMask = 2147483647;
			files = (
				71DBB3301ACBCBBF00F6A6EE /* Main.storyboard in Resources */,
				71DBB3351ACBCBBF00F6A6EE /* LaunchScreen.xib in Resources */,
				71DBB3321ACBCBBF00F6A6EE /* Images.xcassets in Resources */,
			);
			runOnlyForDeploymentPostprocessing = 0;
		};
		71DBB3381ACBCBBF00F6A6EE /* Resources */ = {
			isa = PBXResourcesBuildPhase;
			buildActionMask = 2147483647;
			files = (
			);
			runOnlyForDeploymentPostprocessing = 0;
		};
/* End PBXResourcesBuildPhase section */

/* Begin PBXSourcesBuildPhase section */
		71DBB31D1ACBCBBF00F6A6EE /* Sources */ = {
			isa = PBXSourcesBuildPhase;
			buildActionMask = 2147483647;
			files = (
				71DBB32D1ACBCBBF00F6A6EE /* ViewController.m in Sources */,
				71DBB34C1ACBCC7E00F6A6EE /* CustomerOpen.m in Sources */,
				71DBB32A1ACBCBBF00F6A6EE /* AppDelegate.m in Sources */,
				71DBB3271ACBCBBF00F6A6EE /* main.m in Sources */,
			);
			runOnlyForDeploymentPostprocessing = 0;
		};
		71DBB3361ACBCBBF00F6A6EE /* Sources */ = {
			isa = PBXSourcesBuildPhase;
			buildActionMask = 2147483647;
			files = (
				71DBB3411ACBCBBF00F6A6EE /* OpenGLDemoTests.m in Sources */,
			);
			runOnlyForDeploymentPostprocessing = 0;
		};
/* End PBXSourcesBuildPhase section */

/* Begin PBXTargetDependency section */
		71DBB33C1ACBCBBF00F6A6EE /* PBXTargetDependency */ = {
			isa = PBXTargetDependency;
			target = 71DBB3201ACBCBBF00F6A6EE /* OpenGLDemo */;
			targetProxy = 71DBB33B1ACBCBBF00F6A6EE /* PBXContainerItemProxy */;
		};
/* End PBXTargetDependency section */

/* Begin PBXVariantGroup section */
		71DBB32E1ACBCBBF00F6A6EE /* Main.storyboard */ = {
			isa = PBXVariantGroup;
			children = (
				71DBB32F1ACBCBBF00F6A6EE /* Base */,
			);
			name = Main.storyboard;
			sourceTree = "<group>";
		};
		71DBB3331ACBCBBF00F6A6EE /* LaunchScreen.xib */ = {
			isa = PBXVariantGroup;
			children = (
				71DBB3341ACBCBBF00F6A6EE /* Base */,
			);
			name = LaunchScreen.xib;
			sourceTree = "<group>";
		};
/* End PBXVariantGroup section */

/* Begin XCBuildConfiguration section */
		71DBB3421ACBCBBF00F6A6EE /* Debug */ = {
			isa = XCBuildConfiguration;
			buildSettings = {
				ALWAYS_SEARCH_USER_PATHS = NO;
				CLANG_CXX_LANGUAGE_STANDARD = "gnu++0x";
				CLANG_CXX_LIBRARY = "libc++";
				CLANG_ENABLE_MODULES = YES;
				CLANG_ENABLE_OBJC_ARC = YES;
				CLANG_WARN_BOOL_CONVERSION = YES;
				CLANG_WARN_CONSTANT_CONVERSION = YES;
				CLANG_WARN_DIRECT_OBJC_ISA_USAGE = YES_ERROR;
				CLANG_WARN_EMPTY_BODY = YES;
				CLANG_WARN_ENUM_CONVERSION = YES;
				CLANG_WARN_INT_CONVERSION = YES;
				CLANG_WARN_OBJC_ROOT_CLASS = YES_ERROR;
				CLANG_WARN_UNREACHABLE_CODE = YES;
				CLANG_WARN__DUPLICATE_METHOD_MATCH = YES;
				"CODE_SIGN_IDENTITY[sdk=iphoneos*]" = "iPhone Developer";
				COPY_PHASE_STRIP = NO;
				ENABLE_STRICT_OBJC_MSGSEND = YES;
				GCC_C_LANGUAGE_STANDARD = gnu99;
				GCC_DYNAMIC_NO_PIC = NO;
				GCC_OPTIMIZATION_LEVEL = 0;
				GCC_PREPROCESSOR_DEFINITIONS = (
					"DEBUG=1",
					"$(inherited)",
				);
				GCC_SYMBOLS_PRIVATE_EXTERN = NO;
				GCC_WARN_64_TO_32_BIT_CONVERSION = YES;
				GCC_WARN_ABOUT_RETURN_TYPE = YES_ERROR;
				GCC_WARN_UNDECLARED_SELECTOR = YES;
				GCC_WARN_UNINITIALIZED_AUTOS = YES_AGGRESSIVE;
				GCC_WARN_UNUSED_FUNCTION = YES;
				GCC_WARN_UNUSED_VARIABLE = YES;
				IPHONEOS_DEPLOYMENT_TARGET = 8.1;
				MTL_ENABLE_DEBUG_INFO = YES;
				ONLY_ACTIVE_ARCH = YES;
				SDKROOT = iphoneos;
			};
			name = Debug;
		};
		71DBB3431ACBCBBF00F6A6EE /* Release */ = {
			isa = XCBuildConfiguration;
			buildSettings = {
				ALWAYS_SEARCH_USER_PATHS = NO;
				CLANG_CXX_LANGUAGE_STANDARD = "gnu++0x";
				CLANG_CXX_LIBRARY = "libc++";
				CLANG_ENABLE_MODULES = YES;
				CLANG_ENABLE_OBJC_ARC = YES;
				CLANG_WARN_BOOL_CONVERSION = YES;
				CLANG_WARN_CONSTANT_CONVERSION = YES;
				CLANG_WARN_DIRECT_OBJC_ISA_USAGE = YES_ERROR;
				CLANG_WARN_EMPTY_BODY = YES;
				CLANG_WARN_ENUM_CONVERSION = YES;
				CLANG_WARN_INT_CONVERSION = YES;
				CLANG_WARN_OBJC_ROOT_CLASS = YES_ERROR;
				CLANG_WARN_UNREACHABLE_CODE = YES;
				CLANG_WARN__DUPLICATE_METHOD_MATCH = YES;
				"CODE_SIGN_IDENTITY[sdk=iphoneos*]" = "iPhone Developer";
				COPY_PHASE_STRIP = YES;
				ENABLE_NS_ASSERTIONS = NO;
				ENABLE_STRICT_OBJC_MSGSEND = YES;
				GCC_C_LANGUAGE_STANDARD = gnu99;
				GCC_WARN_64_TO_32_BIT_CONVERSION = YES;
				GCC_WARN_ABOUT_RETURN_TYPE = YES_ERROR;
				GCC_WARN_UNDECLARED_SELECTOR = YES;
				GCC_WARN_UNINITIALIZED_AUTOS = YES_AGGRESSIVE;
				GCC_WARN_UNUSED_FUNCTION = YES;
				GCC_WARN_UNUSED_VARIABLE = YES;
				IPHONEOS_DEPLOYMENT_TARGET = 8.1;
				MTL_ENABLE_DEBUG_INFO = NO;
				SDKROOT = iphoneos;
				VALIDATE_PRODUCT = YES;
			};
			name = Release;
		};
		71DBB3451ACBCBBF00F6A6EE /* Debug */ = {
			isa = XCBuildConfiguration;
			buildSettings = {
				ASSETCATALOG_COMPILER_APPICON_NAME = AppIcon;
				INFOPLIST_FILE = OpenGLDemo/Info.plist;
				IPHONEOS_DEPLOYMENT_TARGET = 7.1;
				LD_RUNPATH_SEARCH_PATHS = "$(inherited) @executable_path/Frameworks";
				PRODUCT_NAME = "$(TARGET_NAME)";
			};
			name = Debug;
		};
		71DBB3461ACBCBBF00F6A6EE /* Release */ = {
			isa = XCBuildConfiguration;
			buildSettings = {
				ASSETCATALOG_COMPILER_APPICON_NAME = AppIcon;
				INFOPLIST_FILE = OpenGLDemo/Info.plist;
				IPHONEOS_DEPLOYMENT_TARGET = 7.1;
				LD_RUNPATH_SEARCH_PATHS = "$(inherited) @executable_path/Frameworks";
				PRODUCT_NAME = "$(TARGET_NAME)";
			};
			name = Release;
		};
		71DBB3481ACBCBBF00F6A6EE /* Debug */ = {
			isa = XCBuildConfiguration;
			buildSettings = {
				BUNDLE_LOADER = "$(TEST_HOST)";
				FRAMEWORK_SEARCH_PATHS = (
					"$(SDKROOT)/Developer/Library/Frameworks",
					"$(inherited)",
				);
				GCC_PREPROCESSOR_DEFINITIONS = (
					"DEBUG=1",
					"$(inherited)",
				);
				INFOPLIST_FILE = OpenGLDemoTests/Info.plist;
				LD_RUNPATH_SEARCH_PATHS = "$(inherited) @executable_path/Frameworks @loader_path/Frameworks";
				PRODUCT_NAME = "$(TARGET_NAME)";
				TEST_HOST = "$(BUILT_PRODUCTS_DIR)/OpenGLDemo.app/OpenGLDemo";
			};
			name = Debug;
		};
		71DBB3491ACBCBBF00F6A6EE /* Release */ = {
			isa = XCBuildConfiguration;
			buildSettings = {
				BUNDLE_LOADER = "$(TEST_HOST)";
				FRAMEWORK_SEARCH_PATHS = (
					"$(SDKROOT)/Developer/Library/Frameworks",
					"$(inherited)",
				);
				INFOPLIST_FILE = OpenGLDemoTests/Info.plist;
				LD_RUNPATH_SEARCH_PATHS = "$(inherited) @executable_path/Frameworks @loader_path/Frameworks";
				PRODUCT_NAME = "$(TARGET_NAME)";
				TEST_HOST = "$(BUILT_PRODUCTS_DIR)/OpenGLDemo.app/OpenGLDemo";
			};
			name = Release;
		};
/* End XCBuildConfiguration section */

/* Begin XCConfigurationList section */
		71DBB31C1ACBCBBF00F6A6EE /* Build configuration list for PBXProject "OpenGLDemo" */ = {
			isa = XCConfigurationList;
			buildConfigurations = (
				71DBB3421ACBCBBF00F6A6EE /* Debug */,
				71DBB3431ACBCBBF00F6A6EE /* Release */,
			);
			defaultConfigurationIsVisible = 0;
			defaultConfigurationName = Release;
		};
		71DBB3441ACBCBBF00F6A6EE /* Build configuration list for PBXNativeTarget "OpenGLDemo" */ = {
			isa = XCConfigurationList;
			buildConfigurations = (
				71DBB3451ACBCBBF00F6A6EE /* Debug */,
				71DBB3461ACBCBBF00F6A6EE /* Release */,
			);
			defaultConfigurationIsVisible = 0;
		};
		71DBB3471ACBCBBF00F6A6EE /* Build configuration list for PBXNativeTarget "OpenGLDemoTests" */ = {
			isa = XCConfigurationList;
			buildConfigurations = (
				71DBB3481ACBCBBF00F6A6EE /* Debug */,
				71DBB3491ACBCBBF00F6A6EE /* Release */,
			);
			defaultConfigurationIsVisible = 0;
		};
/* End XCConfigurationList section */
	};
	rootObject = 71DBB3191ACBCBBF00F6A6EE /* Project object */;
}
